
Microsoft Visual Studio Solution File, Format Version 12.00
# Visual Studio Version 16
VisualStudioVersion = 16.0.30804.86
MinimumVisualStudioVersion = 10.0.40219.1
Project("{9A19103F-16F7-4668-BE54-9A1E7A4F7556}") = "Quest", "Quest.csproj", "{AA8A299B-AA1F-4CBC-9A4D-474798CCB391}"
EndProject
Project("{2150E333-8FDC-42A3-9474-1A3956D46DE8}") = "Solution Items", "Solution Items", "{B660AB87-C366-406C-A8EB-B921DA78F22F}"
	ProjectSection(SolutionItems) = preProject
		.editorconfig = .editorconfig
	EndProjectSection
EndProject
Global
	GlobalSection(SolutionConfigurationPlatforms) = preSolution
		Debug|Any CPU = Debug|Any CPU
		Release|Any CPU = Release|Any CPU
	EndGlobalSection
	GlobalSection(ProjectConfigurationPlatforms) = postSolution
		{AA8A299B-AA1F-4CBC-9A4D-474798CCB391}.Debug|Any CPU.ActiveCfg = Debug|Any CPU
		{AA8A299B-AA1F-4CBC-9A4D-474798CCB391}.Debug|Any CPU.Build.0 = Debug|Any CPU
		{AA8A299B-AA1F-4CBC-9A4D-474798CCB391}.Release|Any CPU.ActiveCfg = Release|Any CPU
		{AA8A299B-AA1F-4CBC-9A4D-474798CCB391}.Release|Any CPU.Build.0 = Release|Any CPU
	EndGlobalSection
	GlobalSection(SolutionProperties) = preSolution
		HideSolutionNode = FALSE
	EndGlobalSection
	GlobalSection(ExtensibilityGlobals) = postSolution
		SolutionGuid = {C9C9B094-1669-4EA3-8FC2-1597A837B090}
	EndGlobalSection
EndGlobal
